
Microsoft Visual Studio Solution File, Format Version 12.00
# Visual Studio 14
VisualStudioVersion = 14.0.24720.0
MinimumVisualStudioVersion = 10.0.40219.1
Project("{FAE04EC0-301F-11D3-BF4B-00C04F79EFBC}") = "Roles", "Roles\Roles.csproj", "{696ED02F-DD17-4FB5-A0B0-C3BC9353673B}"
EndProject
Global
	GlobalSection(SolutionConfigurationPlatforms) = preSolution
		Debug|Any CPU = Debug|Any CPU
		Release|Any CPU = Release|Any CPU
	EndGlobalSection
	GlobalSection(ProjectConfigurationPlatforms) = postSolution
		{696ED02F-DD17-4FB5-A0B0-C3BC9353673B}.Debug|Any CPU.ActiveCfg = Debug|Any CPU
		{696ED02F-DD17-4FB5-A0B0-C3BC9353673B}.Debug|Any CPU.Build.0 = Debug|Any CPU
		{696ED02F-DD17-4FB5-A0B0-C3BC9353673B}.Release|Any CPU.ActiveCfg = Release|Any CPU
		{696ED02F-DD17-4FB5-A0B0-C3BC9353673B}.Release|Any CPU.Build.0 = Release|Any CPU
	EndGlobalSection
	GlobalSection(SolutionProperties) = preSolution
		HideSolutionNode = FALSE
	EndGlobalSection
EndGlobal
